
Microsoft Visual Studio Solution File, Format Version 12.00
# Visual Studio Version 17
VisualStudioVersion = 17.8.34511.84
MinimumVisualStudioVersion = 10.0.40219.1
Project("{FAE04EC0-301F-11D3-BF4B-00C04F79EFBC}") = "dankeyboard", "dankeyboard.csproj", "{67761920-579D-4327-BDEC-3DB82B607B2A}"
EndProject
Global
	GlobalSection(SolutionConfigurationPlatforms) = preSolution
		Debug|Any CPU = Debug|Any CPU
		Release|Any CPU = Release|Any CPU
	EndGlobalSection
	GlobalSection(ProjectConfigurationPlatforms) = postSolution
		{67761920-579D-4327-BDEC-3DB82B607B2A}.Debug|Any CPU.ActiveCfg = Debug|Any CPU
		{67761920-579D-4327-BDEC-3DB82B607B2A}.Debug|Any CPU.Build.0 = Debug|Any CPU
		{67761920-579D-4327-BDEC-3DB82B607B2A}.Release|Any CPU.ActiveCfg = Release|Any CPU
		{67761920-579D-4327-BDEC-3DB82B607B2A}.Release|Any CPU.Build.0 = Release|Any CPU
	EndGlobalSection
	GlobalSection(SolutionProperties) = preSolution
		HideSolutionNode = FALSE
	EndGlobalSection
	GlobalSection(ExtensibilityGlobals) = postSolution
		SolutionGuid = {953B0109-9934-4630-BE41-0E2A7C455671}
	EndGlobalSection
EndGlobal
